
Microsoft Visual Studio Solution File, Format Version 12.00
# Visual Studio Version 16
VisualStudioVersion = 16.0.31515.178
MinimumVisualStudioVersion = 10.0.40219.1
Project("{9A19103F-16F7-4668-BE54-9A1E7A4F7556}") = "Xamarin.UITest.SpecFlowPlugin", "Xamarin.UITest.SpecFlowPlugin\Xamarin.UITest.SpecFlowPlugin.csproj", "{69796234-ED70-4DB2-B6A8-E60D6657F969}"
EndProject
Project("{FAE04EC0-301F-11D3-BF4B-00C04F79EFBC}") = "Xamarin.UITest.SpecFlowPlugin.UnitTests", "Xamarin.UITest.SpecFlowPlugin.UnitTests\Xamarin.UITest.SpecFlowPlugin.UnitTests.csproj", "{355F131A-3D56-4C6B-9B63-BB0768C9ECF8}"
EndProject
Global
	GlobalSection(SolutionConfigurationPlatforms) = preSolution
		Debug|Any CPU = Debug|Any CPU
		Release|Any CPU = Release|Any CPU
	EndGlobalSection
	GlobalSection(ProjectConfigurationPlatforms) = postSolution
		{69796234-ED70-4DB2-B6A8-E60D6657F969}.Debug|Any CPU.ActiveCfg = Debug|Any CPU
		{69796234-ED70-4DB2-B6A8-E60D6657F969}.Debug|Any CPU.Build.0 = Debug|Any CPU
		{69796234-ED70-4DB2-B6A8-E60D6657F969}.Release|Any CPU.ActiveCfg = Release|Any CPU
		{69796234-ED70-4DB2-B6A8-E60D6657F969}.Release|Any CPU.Build.0 = Release|Any CPU
		{355F131A-3D56-4C6B-9B63-BB0768C9ECF8}.Debug|Any CPU.ActiveCfg = Debug|Any CPU
		{355F131A-3D56-4C6B-9B63-BB0768C9ECF8}.Debug|Any CPU.Build.0 = Debug|Any CPU
		{355F131A-3D56-4C6B-9B63-BB0768C9ECF8}.Release|Any CPU.ActiveCfg = Release|Any CPU
		{355F131A-3D56-4C6B-9B63-BB0768C9ECF8}.Release|Any CPU.Build.0 = Release|Any CPU
	EndGlobalSection
	GlobalSection(SolutionProperties) = preSolution
		HideSolutionNode = FALSE
	EndGlobalSection
	GlobalSection(ExtensibilityGlobals) = postSolution
		SolutionGuid = {E02C500F-8DEF-4B7C-A8E4-6FF46C671495}
	EndGlobalSection
EndGlobal
